
Microsoft Visual Studio Solution File, Format Version 12.00
# Visual Studio Version 17
VisualStudioVersion = 17.11.35208.52
MinimumVisualStudioVersion = 10.0.40219.1
Project("{9A19103F-16F7-4668-BE54-9A1E7A4F7556}") = "DbSample", "DbSample.csproj", "{65C6C915-5318-4358-869B-6F5220038CD4}"
EndProject
Global
	GlobalSection(SolutionConfigurationPlatforms) = preSolution
		Debug|Any CPU = Debug|Any CPU
		Release|Any CPU = Release|Any CPU
	EndGlobalSection
	GlobalSection(ProjectConfigurationPlatforms) = postSolution
		{65C6C915-5318-4358-869B-6F5220038CD4}.Debug|Any CPU.ActiveCfg = Debug|Any CPU
		{65C6C915-5318-4358-869B-6F5220038CD4}.Debug|Any CPU.Build.0 = Debug|Any CPU
		{65C6C915-5318-4358-869B-6F5220038CD4}.Release|Any CPU.ActiveCfg = Release|Any CPU
		{65C6C915-5318-4358-869B-6F5220038CD4}.Release|Any CPU.Build.0 = Release|Any CPU
	EndGlobalSection
	GlobalSection(SolutionProperties) = preSolution
		HideSolutionNode = FALSE
	EndGlobalSection
	GlobalSection(ExtensibilityGlobals) = postSolution
		SolutionGuid = {8FAE0F0D-B136-4DB1-A866-41608CFDD3BE}
	EndGlobalSection
EndGlobal
